
Microsoft Visual Studio Solution File, Format Version 12.00
# Visual Studio 15
VisualStudioVersion = 15.0.28010.0
MinimumVisualStudioVersion = 10.0.40219.1
Project("{FAE04EC0-301F-11D3-BF4B-00C04F79EFBC}") = "KimoEt", "KimoEt\KimoEt.csproj", "{B4D05DF8-143E-4E25-A21D-1CBCD960A551}"
EndProject
Global
	GlobalSection(SolutionConfigurationPlatforms) = preSolution
		Debug|Any CPU = Debug|Any CPU
		Release|Any CPU = Release|Any CPU
	EndGlobalSection
	GlobalSection(ProjectConfigurationPlatforms) = postSolution
		{B4D05DF8-143E-4E25-A21D-1CBCD960A551}.Debug|Any CPU.ActiveCfg = Debug|Any CPU
		{B4D05DF8-143E-4E25-A21D-1CBCD960A551}.Debug|Any CPU.Build.0 = Debug|Any CPU
		{B4D05DF8-143E-4E25-A21D-1CBCD960A551}.Release|Any CPU.ActiveCfg = Release|Any CPU
		{B4D05DF8-143E-4E25-A21D-1CBCD960A551}.Release|Any CPU.Build.0 = Release|Any CPU
	EndGlobalSection
	GlobalSection(SolutionProperties) = preSolution
		HideSolutionNode = FALSE
	EndGlobalSection
	GlobalSection(ExtensibilityGlobals) = postSolution
		SolutionGuid = {8FC2DCBC-F7C2-4687-BD6B-D71EE890B6B5}
	EndGlobalSection
EndGlobal
